
Microsoft Visual Studio Solution File, Format Version 12.00
Project("{FAE04EC0-301F-11D3-BF4B-00C04F79EFBC}") = "Api", "Api.csproj", "{4EBD2251-8762-421B-BC8E-7DD506B66F54}"
EndProject
Project("{FAE04EC0-301F-11D3-BF4B-00C04F79EFBC}") = "Api.Tests", "Api.Tests\Api.Tests.csproj", "{593677BF-088B-4C3D-90F6-AEE18DF973B8}"
EndProject
Global
	GlobalSection(SolutionConfigurationPlatforms) = preSolution
		Debug|Any CPU = Debug|Any CPU
		Release|Any CPU = Release|Any CPU
	EndGlobalSection
	GlobalSection(ProjectConfigurationPlatforms) = postSolution
		{4EBD2251-8762-421B-BC8E-7DD506B66F54}.Debug|Any CPU.ActiveCfg = Debug|Any CPU
		{4EBD2251-8762-421B-BC8E-7DD506B66F54}.Debug|Any CPU.Build.0 = Debug|Any CPU
		{4EBD2251-8762-421B-BC8E-7DD506B66F54}.Release|Any CPU.ActiveCfg = Release|Any CPU
		{4EBD2251-8762-421B-BC8E-7DD506B66F54}.Release|Any CPU.Build.0 = Release|Any CPU
		{593677BF-088B-4C3D-90F6-AEE18DF973B8}.Debug|Any CPU.ActiveCfg = Debug|Any CPU
		{593677BF-088B-4C3D-90F6-AEE18DF973B8}.Debug|Any CPU.Build.0 = Debug|Any CPU
		{593677BF-088B-4C3D-90F6-AEE18DF973B8}.Release|Any CPU.ActiveCfg = Release|Any CPU
		{593677BF-088B-4C3D-90F6-AEE18DF973B8}.Release|Any CPU.Build.0 = Release|Any CPU
	EndGlobalSection
EndGlobal
